
Microsoft Visual Studio Solution File, Format Version 12.00
# Visual Studio Version 17
VisualStudioVersion = 17.4.33403.182
MinimumVisualStudioVersion = 10.0.40219.1
Project("{FAE04EC0-301F-11D3-BF4B-00C04F79EFBC}") = "Pokedex", "Pokedex\Pokedex.csproj", "{28626B7C-58EB-4144-A935-313E8B4E6BF7}"
EndProject
Project("{FAE04EC0-301F-11D3-BF4B-00C04F79EFBC}") = "negocio", "negocio\negocio.csproj", "{974D539C-098C-4E52-89FB-7B433F91DC0C}"
EndProject
Project("{FAE04EC0-301F-11D3-BF4B-00C04F79EFBC}") = "dominio", "dominio\dominio.csproj", "{1123F810-EF66-4379-8221-7D0BFE96C701}"
EndProject
Global
	GlobalSection(SolutionConfigurationPlatforms) = preSolution
		Debug|Any CPU = Debug|Any CPU
		Release|Any CPU = Release|Any CPU
	EndGlobalSection
	GlobalSection(ProjectConfigurationPlatforms) = postSolution
		{28626B7C-58EB-4144-A935-313E8B4E6BF7}.Debug|Any CPU.ActiveCfg = Debug|Any CPU
		{28626B7C-58EB-4144-A935-313E8B4E6BF7}.Debug|Any CPU.Build.0 = Debug|Any CPU
		{28626B7C-58EB-4144-A935-313E8B4E6BF7}.Release|Any CPU.ActiveCfg = Release|Any CPU
		{28626B7C-58EB-4144-A935-313E8B4E6BF7}.Release|Any CPU.Build.0 = Release|Any CPU
		{974D539C-098C-4E52-89FB-7B433F91DC0C}.Debug|Any CPU.ActiveCfg = Debug|Any CPU
		{974D539C-098C-4E52-89FB-7B433F91DC0C}.Debug|Any CPU.Build.0 = Debug|Any CPU
		{974D539C-098C-4E52-89FB-7B433F91DC0C}.Release|Any CPU.ActiveCfg = Release|Any CPU
		{974D539C-098C-4E52-89FB-7B433F91DC0C}.Release|Any CPU.Build.0 = Release|Any CPU
		{1123F810-EF66-4379-8221-7D0BFE96C701}.Debug|Any CPU.ActiveCfg = Debug|Any CPU
		{1123F810-EF66-4379-8221-7D0BFE96C701}.Debug|Any CPU.Build.0 = Debug|Any CPU
		{1123F810-EF66-4379-8221-7D0BFE96C701}.Release|Any CPU.ActiveCfg = Release|Any CPU
		{1123F810-EF66-4379-8221-7D0BFE96C701}.Release|Any CPU.Build.0 = Release|Any CPU
	EndGlobalSection
	GlobalSection(SolutionProperties) = preSolution
		HideSolutionNode = FALSE
	EndGlobalSection
	GlobalSection(ExtensibilityGlobals) = postSolution
		SolutionGuid = {34DE0BCC-D8F8-4228-96CE-F44574C29718}
	EndGlobalSection
EndGlobal
